
Microsoft Visual Studio Solution File, Format Version 12.00
# Visual Studio Version 17
VisualStudioVersion = 17.4.33213.308
MinimumVisualStudioVersion = 10.0.40219.1
Project("{9A19103F-16F7-4668-BE54-9A1E7A4F7556}") = "Server", "Server\Server.csproj", "{7DD6CCA3-8E8F-4B3F-8A78-82CCA101D537}"
EndProject
Project("{9A19103F-16F7-4668-BE54-9A1E7A4F7556}") = "Client", "Client\Client.csproj", "{A6739CFB-17C6-49A2-99E9-EA2C80CCC2E5}"
EndProject
Project("{FAE04EC0-301F-11D3-BF4B-00C04F79EFBC}") = "EntityModel", "EntityModel\EntityModel.csproj", "{13306D33-31D9-4395-A5FB-FFFAFFB7798A}"
EndProject
Global
	GlobalSection(SolutionConfigurationPlatforms) = preSolution
		Debug|Any CPU = Debug|Any CPU
		Release|Any CPU = Release|Any CPU
	EndGlobalSection
	GlobalSection(ProjectConfigurationPlatforms) = postSolution
		{7DD6CCA3-8E8F-4B3F-8A78-82CCA101D537}.Debug|Any CPU.ActiveCfg = Debug|Any CPU
		{7DD6CCA3-8E8F-4B3F-8A78-82CCA101D537}.Debug|Any CPU.Build.0 = Debug|Any CPU
		{7DD6CCA3-8E8F-4B3F-8A78-82CCA101D537}.Release|Any CPU.ActiveCfg = Release|Any CPU
		{7DD6CCA3-8E8F-4B3F-8A78-82CCA101D537}.Release|Any CPU.Build.0 = Release|Any CPU
		{A6739CFB-17C6-49A2-99E9-EA2C80CCC2E5}.Debug|Any CPU.ActiveCfg = Debug|Any CPU
		{A6739CFB-17C6-49A2-99E9-EA2C80CCC2E5}.Debug|Any CPU.Build.0 = Debug|Any CPU
		{A6739CFB-17C6-49A2-99E9-EA2C80CCC2E5}.Release|Any CPU.ActiveCfg = Release|Any CPU
		{A6739CFB-17C6-49A2-99E9-EA2C80CCC2E5}.Release|Any CPU.Build.0 = Release|Any CPU
		{13306D33-31D9-4395-A5FB-FFFAFFB7798A}.Debug|Any CPU.ActiveCfg = Debug|Any CPU
		{13306D33-31D9-4395-A5FB-FFFAFFB7798A}.Debug|Any CPU.Build.0 = Debug|Any CPU
		{13306D33-31D9-4395-A5FB-FFFAFFB7798A}.Release|Any CPU.ActiveCfg = Release|Any CPU
		{13306D33-31D9-4395-A5FB-FFFAFFB7798A}.Release|Any CPU.Build.0 = Release|Any CPU
	EndGlobalSection
	GlobalSection(SolutionProperties) = preSolution
		HideSolutionNode = FALSE
	EndGlobalSection
	GlobalSection(ExtensibilityGlobals) = postSolution
		SolutionGuid = {3A57D592-B02E-4A30-BDE9-891DB906012B}
	EndGlobalSection
EndGlobal
